Microsoft Visual Studio Solution File, Format Version 12.00
# Visual Studio Version 17
VisualStudioVersion = 17.5.2.0
MinimumVisualStudioVersion = 10.0.40219.1
Project("{FAE04EC0-301F-11D3-BF4B-00C04F79EFBC}") = "SolarPwrd-Logr-NetCore", "SolarPwrd-Logr-NetCore.csproj", "{7678E1AE-E657-D89C-E70B-36FD1F7BCE8F}"
EndProject
Global
	GlobalSection(SolutionConfigurationPlatforms) = preSolution
		Debug|Any CPU = Debug|Any CPU
		Release|Any CPU = Release|Any CPU
	EndGlobalSection
	GlobalSection(ProjectConfigurationPlatforms) = postSolution
		{7678E1AE-E657-D89C-E70B-36FD1F7BCE8F}.Debug|Any CPU.ActiveCfg = Debug|Any CPU
		{7678E1AE-E657-D89C-E70B-36FD1F7BCE8F}.Debug|Any CPU.Build.0 = Debug|Any CPU
		{7678E1AE-E657-D89C-E70B-36FD1F7BCE8F}.Release|Any CPU.ActiveCfg = Release|Any CPU
		{7678E1AE-E657-D89C-E70B-36FD1F7BCE8F}.Release|Any CPU.Build.0 = Release|Any CPU
	EndGlobalSection
	GlobalSection(SolutionProperties) = preSolution
		HideSolutionNode = FALSE
	EndGlobalSection
	GlobalSection(ExtensibilityGlobals) = postSolution
		SolutionGuid = {9B9BD558-4954-46D8-AAC4-12E0A32365D7}
	EndGlobalSection
EndGlobal
